
Microsoft Visual Studio Solution File, Format Version 12.00
# Visual Studio 15
Project("{FAE04EC0-301F-11D3-BF4B-00C04F79EFBC}") = "VuforiaScripts", "VuforiaScripts.csproj", "{DD246DA8-18FA-4D28-74ED-4A2CDB93E4C9}"
EndProject
Project("{FAE04EC0-301F-11D3-BF4B-00C04F79EFBC}") = "Assembly-CSharp", "Assembly-CSharp.csproj", "{50138466-B33E-13BF-43AD-2B2A5EF43C8D}"
EndProject
Project("{FAE04EC0-301F-11D3-BF4B-00C04F79EFBC}") = "VuforiaEditorScripts", "VuforiaEditorScripts.csproj", "{4D5ED343-AF39-0F02-56EA-42EC9EBF4E8F}"
EndProject
Global
	GlobalSection(SolutionConfigurationPlatforms) = preSolution
		Debug|Any CPU = Debug|Any CPU
		Release|Any CPU = Release|Any CPU
	EndGlobalSection
	GlobalSection(ProjectConfigurationPlatforms) = postSolution
		{DD246DA8-18FA-4D28-74ED-4A2CDB93E4C9}.Debug|Any CPU.ActiveCfg = Debug|Any CPU
		{DD246DA8-18FA-4D28-74ED-4A2CDB93E4C9}.Debug|Any CPU.Build.0 = Debug|Any CPU
		{DD246DA8-18FA-4D28-74ED-4A2CDB93E4C9}.Release|Any CPU.ActiveCfg = Release|Any CPU
		{DD246DA8-18FA-4D28-74ED-4A2CDB93E4C9}.Release|Any CPU.Build.0 = Release|Any CPU
		{50138466-B33E-13BF-43AD-2B2A5EF43C8D}.Debug|Any CPU.ActiveCfg = Debug|Any CPU
		{50138466-B33E-13BF-43AD-2B2A5EF43C8D}.Debug|Any CPU.Build.0 = Debug|Any CPU
		{50138466-B33E-13BF-43AD-2B2A5EF43C8D}.Release|Any CPU.ActiveCfg = Release|Any CPU
		{50138466-B33E-13BF-43AD-2B2A5EF43C8D}.Release|Any CPU.Build.0 = Release|Any CPU
		{4D5ED343-AF39-0F02-56EA-42EC9EBF4E8F}.Debug|Any CPU.ActiveCfg = Debug|Any CPU
		{4D5ED343-AF39-0F02-56EA-42EC9EBF4E8F}.Debug|Any CPU.Build.0 = Debug|Any CPU
		{4D5ED343-AF39-0F02-56EA-42EC9EBF4E8F}.Release|Any CPU.ActiveCfg = Release|Any CPU
		{4D5ED343-AF39-0F02-56EA-42EC9EBF4E8F}.Release|Any CPU.Build.0 = Release|Any CPU
	EndGlobalSection
	GlobalSection(SolutionProperties) = preSolution
		HideSolutionNode = FALSE
	EndGlobalSection
EndGlobal
